
Microsoft Visual Studio Solution File, Format Version 12.00
# Visual Studio Version 16
VisualStudioVersion = 16.0.28803.352
MinimumVisualStudioVersion = 10.0.40219.1
Project("{9A19103F-16F7-4668-BE54-9A1E7A4F7556}") = "IterumFramework", "IterumFramework\IterumFramework.csproj", "{1DD521A0-6096-4B50-9791-E77DA8A0BB9E}"
EndProject
Project("{2150E333-8FDC-42A3-9474-1A3956D46DE8}") = "Networks", "Networks", "{8F129F16-6CD0-49F8-A2C6-07F7EA8533E9}"
EndProject
Project("{2150E333-8FDC-42A3-9474-1A3956D46DE8}") = "Physics", "Physics", "{AF93C5B0-B7E4-49EA-9030-1674AABCF544}"
EndProject
Project("{9A19103F-16F7-4668-BE54-9A1E7A4F7556}") = "IterumWebSockets", "IterumWebSockets\IterumWebSockets.csproj", "{904D0D79-77CB-4CAB-8EE4-4BD4C7D8E6C7}"
EndProject
Project("{9A19103F-16F7-4668-BE54-9A1E7A4F7556}") = "IterumPhysX", "IterumPhysX\IterumPhysX.csproj", "{81B05A4B-3AFB-4E8F-B865-104A587CB93A}"
EndProject
Global
	GlobalSection(SolutionConfigurationPlatforms) = preSolution
		Debug|Any CPU = Debug|Any CPU
		Debug|x64 = Debug|x64
		Release|Any CPU = Release|Any CPU
		Release|x64 = Release|x64
	EndGlobalSection
	GlobalSection(ProjectConfigurationPlatforms) = postSolution
		{1DD521A0-6096-4B50-9791-E77DA8A0BB9E}.Debug|Any CPU.ActiveCfg = Debug|Any CPU
		{1DD521A0-6096-4B50-9791-E77DA8A0BB9E}.Debug|Any CPU.Build.0 = Debug|Any CPU
		{1DD521A0-6096-4B50-9791-E77DA8A0BB9E}.Debug|x64.ActiveCfg = Debug|x64
		{1DD521A0-6096-4B50-9791-E77DA8A0BB9E}.Debug|x64.Build.0 = Debug|x64
		{1DD521A0-6096-4B50-9791-E77DA8A0BB9E}.Release|Any CPU.ActiveCfg = Release|Any CPU
		{1DD521A0-6096-4B50-9791-E77DA8A0BB9E}.Release|Any CPU.Build.0 = Release|Any CPU
		{1DD521A0-6096-4B50-9791-E77DA8A0BB9E}.Release|x64.ActiveCfg = Release|x64
		{1DD521A0-6096-4B50-9791-E77DA8A0BB9E}.Release|x64.Build.0 = Release|x64
		{904D0D79-77CB-4CAB-8EE4-4BD4C7D8E6C7}.Debug|Any CPU.ActiveCfg = Debug|Any CPU
		{904D0D79-77CB-4CAB-8EE4-4BD4C7D8E6C7}.Debug|Any CPU.Build.0 = Debug|Any CPU
		{904D0D79-77CB-4CAB-8EE4-4BD4C7D8E6C7}.Debug|x64.ActiveCfg = Debug|x64
		{904D0D79-77CB-4CAB-8EE4-4BD4C7D8E6C7}.Debug|x64.Build.0 = Debug|x64
		{904D0D79-77CB-4CAB-8EE4-4BD4C7D8E6C7}.Release|Any CPU.ActiveCfg = Release|Any CPU
		{904D0D79-77CB-4CAB-8EE4-4BD4C7D8E6C7}.Release|Any CPU.Build.0 = Release|Any CPU
		{904D0D79-77CB-4CAB-8EE4-4BD4C7D8E6C7}.Release|x64.ActiveCfg = Release|x64
		{904D0D79-77CB-4CAB-8EE4-4BD4C7D8E6C7}.Release|x64.Build.0 = Release|x64
		{81B05A4B-3AFB-4E8F-B865-104A587CB93A}.Debug|Any CPU.ActiveCfg = Debug|Any CPU
		{81B05A4B-3AFB-4E8F-B865-104A587CB93A}.Debug|Any CPU.Build.0 = Debug|Any CPU
		{81B05A4B-3AFB-4E8F-B865-104A587CB93A}.Debug|x64.ActiveCfg = Debug|x64
		{81B05A4B-3AFB-4E8F-B865-104A587CB93A}.Debug|x64.Build.0 = Debug|x64
		{81B05A4B-3AFB-4E8F-B865-104A587CB93A}.Release|Any CPU.ActiveCfg = Release|Any CPU
		{81B05A4B-3AFB-4E8F-B865-104A587CB93A}.Release|Any CPU.Build.0 = Release|Any CPU
		{81B05A4B-3AFB-4E8F-B865-104A587CB93A}.Release|x64.ActiveCfg = Release|x64
		{81B05A4B-3AFB-4E8F-B865-104A587CB93A}.Release|x64.Build.0 = Release|x64
	EndGlobalSection
	GlobalSection(SolutionProperties) = preSolution
		HideSolutionNode = FALSE
	EndGlobalSection
	GlobalSection(NestedProjects) = preSolution
		{904D0D79-77CB-4CAB-8EE4-4BD4C7D8E6C7} = {8F129F16-6CD0-49F8-A2C6-07F7EA8533E9}
		{81B05A4B-3AFB-4E8F-B865-104A587CB93A} = {AF93C5B0-B7E4-49EA-9030-1674AABCF544}
	EndGlobalSection
	GlobalSection(ExtensibilityGlobals) = postSolution
		SolutionGuid = {AE6624A2-AFBD-45DF-8E99-3658C968BAE9}
	EndGlobalSection
EndGlobal
