
Microsoft Visual Studio Solution File, Format Version 12.00
Project("{FAE04EC0-301F-11D3-BF4B-00C04F79EFBC}") = "Iterm.Core", "Iterum.Core\Iterm.Core.csproj", "{957105BD-7840-45A8-BB5C-7F15DD49FA04}"
EndProject
Project("{FAE04EC0-301F-11D3-BF4B-00C04F79EFBC}") = "Iterum.Math", "Iterum.Math\Iterum.Math.csproj", "{484BA5DC-DC63-47D9-AEAC-CFC1AA3575B3}"
EndProject
Project("{FAE04EC0-301F-11D3-BF4B-00C04F79EFBC}") = "Iterum.PhysX", "Iterum.PhysX\Iterum.PhysX.csproj", "{E472A9E5-DE38-401C-B57B-29A7AA2D74B8}"
EndProject
Project("{FAE04EC0-301F-11D3-BF4B-00C04F79EFBC}") = "Iterum.ThingTypes", "Iterum.ThingTypes\Iterum.ThingTypes.csproj", "{4F4241FF-456F-4A4B-87F8-5225B45CB203}"
EndProject
Project("{FAE04EC0-301F-11D3-BF4B-00C04F79EFBC}") = "Iterum.WebSockets", "Iterum.WebSockets\Iterum.WebSockets.csproj", "{1F37646B-FACA-422C-B638-9EAABF2C4E39}"
EndProject
Global
	GlobalSection(SolutionConfigurationPlatforms) = preSolution
		Debug|Any CPU = Debug|Any CPU
		Release|Any CPU = Release|Any CPU
	EndGlobalSection
	GlobalSection(ProjectConfigurationPlatforms) = postSolution
		{957105BD-7840-45A8-BB5C-7F15DD49FA04}.Debug|Any CPU.ActiveCfg = Debug|Any CPU
		{957105BD-7840-45A8-BB5C-7F15DD49FA04}.Debug|Any CPU.Build.0 = Debug|Any CPU
		{957105BD-7840-45A8-BB5C-7F15DD49FA04}.Release|Any CPU.ActiveCfg = Release|Any CPU
		{957105BD-7840-45A8-BB5C-7F15DD49FA04}.Release|Any CPU.Build.0 = Release|Any CPU
		{484BA5DC-DC63-47D9-AEAC-CFC1AA3575B3}.Debug|Any CPU.ActiveCfg = Debug|Any CPU
		{484BA5DC-DC63-47D9-AEAC-CFC1AA3575B3}.Debug|Any CPU.Build.0 = Debug|Any CPU
		{484BA5DC-DC63-47D9-AEAC-CFC1AA3575B3}.Release|Any CPU.ActiveCfg = Release|Any CPU
		{484BA5DC-DC63-47D9-AEAC-CFC1AA3575B3}.Release|Any CPU.Build.0 = Release|Any CPU
		{E472A9E5-DE38-401C-B57B-29A7AA2D74B8}.Debug|Any CPU.ActiveCfg = Debug|x64
		{E472A9E5-DE38-401C-B57B-29A7AA2D74B8}.Debug|Any CPU.Build.0 = Debug|x64
		{E472A9E5-DE38-401C-B57B-29A7AA2D74B8}.Release|Any CPU.ActiveCfg = Release|x64
		{E472A9E5-DE38-401C-B57B-29A7AA2D74B8}.Release|Any CPU.Build.0 = Release|x64
		{4F4241FF-456F-4A4B-87F8-5225B45CB203}.Debug|Any CPU.ActiveCfg = Debug|Any CPU
		{4F4241FF-456F-4A4B-87F8-5225B45CB203}.Debug|Any CPU.Build.0 = Debug|Any CPU
		{4F4241FF-456F-4A4B-87F8-5225B45CB203}.Release|Any CPU.ActiveCfg = Release|Any CPU
		{4F4241FF-456F-4A4B-87F8-5225B45CB203}.Release|Any CPU.Build.0 = Release|Any CPU
		{1F37646B-FACA-422C-B638-9EAABF2C4E39}.Debug|Any CPU.ActiveCfg = Debug|x64
		{1F37646B-FACA-422C-B638-9EAABF2C4E39}.Debug|Any CPU.Build.0 = Debug|x64
		{1F37646B-FACA-422C-B638-9EAABF2C4E39}.Release|Any CPU.ActiveCfg = Release|x64
		{1F37646B-FACA-422C-B638-9EAABF2C4E39}.Release|Any CPU.Build.0 = Release|x64
	EndGlobalSection
EndGlobal
